{
  "name": "chai-vc-platform",
  "version": "1.0.0",
  "lockfileVersion": 3,
  "requires": true,
  "packages": {
    "": {
      "name": "chai-vc-platform",
      "version": "1.0.0",
      "license": "ISC",
      "workspaces": [
        "backend",
        "frontend",
        "ai-matcher-service"
      ]
    },
    "ai-matcher-service": {
      "version": "1.0.0"
    },
    "backend": {
      "version": "1.0.0"
    },
    "frontend": {
      "version": "1.0.0"
    },
    "node_modules/ai-matcher-service": {
      "resolved": "ai-matcher-service",
      "link": true
    },
    "node_modules/backend": {
      "resolved": "backend",
      "link": true
    },
    "node_modules/frontend": {
      "resolved": "frontend",
      "link": true
    }
  }
}
