{
  "name": "backend",
  "version": "1.0.0",
  "lockfileVersion": 3,
  "requires": true,
  "packages": {
    "": {
      "name": "backend",
      "version": "1.0.0",
      "dependencies": {
        "@red_pandas/pq-js": "^1.0.2"
      }
    },
    "node_modules/@red_pandas/pq-js": {
      "version": "1.0.2",
      "resolved": "https://registry.npmjs.org/@red_pandas/pq-js/-/pq-js-1.0.2.tgz",
      "integrity": "sha512-k3LBn4Ry/Uw3Mb02obVagSpVWWMje0hqO+rEQf/zzCeha/uhehLlhK9IMYkGJo0uemQleKHJhprYxrUroIoaAA==",
      "license": "MIT",
      "bin": {
        "pq-js": "dist/cli.js"
      }
    }
  }
}
